
Microsoft Visual Studio Solution File, Format Version 12.00
# Visual Studio 15
Project("{FAE04EC0-301F-11D3-BF4B-00C04F79EFBC}") = "Assembly-CSharp", "Assembly-CSharp.csproj", "{2CE4B1FF-3209-66B9-570B-E956618FF2F0}"
EndProject
Project("{FAE04EC0-301F-11D3-BF4B-00C04F79EFBC}") = "Assembly-CSharp-firstpass", "Assembly-CSharp-firstpass.csproj", "{2E20DC77-5E92-368A-B312-5A0DA36B5A65}"
EndProject
Project("{FAE04EC0-301F-11D3-BF4B-00C04F79EFBC}") = "Assembly-CSharp-Editor-firstpass", "Assembly-CSharp-Editor-firstpass.csproj", "{4064AEBE-934E-B41E-200A-B9B20D277F2A}"
EndProject
Global
	GlobalSection(SolutionConfigurationPlatforms) = preSolution
		Debug|Any CPU = Debug|Any CPU
		Release|Any CPU = Release|Any CPU
	EndGlobalSection
	GlobalSection(ProjectConfigurationPlatforms) = postSolution
		{2CE4B1FF-3209-66B9-570B-E956618FF2F0}.Debug|Any CPU.ActiveCfg = Debug|Any CPU
		{2CE4B1FF-3209-66B9-570B-E956618FF2F0}.Debug|Any CPU.Build.0 = Debug|Any CPU
		{2CE4B1FF-3209-66B9-570B-E956618FF2F0}.Release|Any CPU.ActiveCfg = Release|Any CPU
		{2CE4B1FF-3209-66B9-570B-E956618FF2F0}.Release|Any CPU.Build.0 = Release|Any CPU
		{2E20DC77-5E92-368A-B312-5A0DA36B5A65}.Debug|Any CPU.ActiveCfg = Debug|Any CPU
		{2E20DC77-5E92-368A-B312-5A0DA36B5A65}.Debug|Any CPU.Build.0 = Debug|Any CPU
		{2E20DC77-5E92-368A-B312-5A0DA36B5A65}.Release|Any CPU.ActiveCfg = Release|Any CPU
		{2E20DC77-5E92-368A-B312-5A0DA36B5A65}.Release|Any CPU.Build.0 = Release|Any CPU
		{4064AEBE-934E-B41E-200A-B9B20D277F2A}.Debug|Any CPU.ActiveCfg = Debug|Any CPU
		{4064AEBE-934E-B41E-200A-B9B20D277F2A}.Debug|Any CPU.Build.0 = Debug|Any CPU
		{4064AEBE-934E-B41E-200A-B9B20D277F2A}.Release|Any CPU.ActiveCfg = Release|Any CPU
		{4064AEBE-934E-B41E-200A-B9B20D277F2A}.Release|Any CPU.Build.0 = Release|Any CPU
	EndGlobalSection
	GlobalSection(SolutionProperties) = preSolution
		HideSolutionNode = FALSE
	EndGlobalSection
EndGlobal
